
Microsoft Visual Studio Solution File, Format Version 12.00
# Visual Studio 15
VisualStudioVersion = 15.0.26124.0
MinimumVisualStudioVersion = 15.0.26124.0
Project("{2150E333-8FDC-42A3-9474-1A3956D46DE8}") = "src", "src", "{9EB7C3DA-33B1-44C3-8B98-AD479C9BF10F}"
EndProject
Project("{FAE04EC0-301F-11D3-BF4B-00C04F79EFBC}") = "Fractum.Core", "src\Fractum.Core\Fractum.Core.csproj", "{3753B1F5-423B-423F-8F36-73B466064B7F}"
EndProject
Global
	GlobalSection(SolutionConfigurationPlatforms) = preSolution
		Debug|Any CPU = Debug|Any CPU
		Debug|x64 = Debug|x64
		Debug|x86 = Debug|x86
		Release|Any CPU = Release|Any CPU
		Release|x64 = Release|x64
		Release|x86 = Release|x86
	EndGlobalSection
	GlobalSection(SolutionProperties) = preSolution
		HideSolutionNode = FALSE
	EndGlobalSection
	GlobalSection(ProjectConfigurationPlatforms) = postSolution
		{3753B1F5-423B-423F-8F36-73B466064B7F}.Debug|Any CPU.ActiveCfg = Debug|Any CPU
		{3753B1F5-423B-423F-8F36-73B466064B7F}.Debug|Any CPU.Build.0 = Debug|Any CPU
		{3753B1F5-423B-423F-8F36-73B466064B7F}.Debug|x64.ActiveCfg = Debug|Any CPU
		{3753B1F5-423B-423F-8F36-73B466064B7F}.Debug|x64.Build.0 = Debug|Any CPU
		{3753B1F5-423B-423F-8F36-73B466064B7F}.Debug|x86.ActiveCfg = Debug|Any CPU
		{3753B1F5-423B-423F-8F36-73B466064B7F}.Debug|x86.Build.0 = Debug|Any CPU
		{3753B1F5-423B-423F-8F36-73B466064B7F}.Release|Any CPU.ActiveCfg = Release|Any CPU
		{3753B1F5-423B-423F-8F36-73B466064B7F}.Release|Any CPU.Build.0 = Release|Any CPU
		{3753B1F5-423B-423F-8F36-73B466064B7F}.Release|x64.ActiveCfg = Release|Any CPU
		{3753B1F5-423B-423F-8F36-73B466064B7F}.Release|x64.Build.0 = Release|Any CPU
		{3753B1F5-423B-423F-8F36-73B466064B7F}.Release|x86.ActiveCfg = Release|Any CPU
		{3753B1F5-423B-423F-8F36-73B466064B7F}.Release|x86.Build.0 = Release|Any CPU
	EndGlobalSection
	GlobalSection(NestedProjects) = preSolution
		{3753B1F5-423B-423F-8F36-73B466064B7F} = {9EB7C3DA-33B1-44C3-8B98-AD479C9BF10F}
	EndGlobalSection
EndGlobal
